
Microsoft Visual Studio Solution File, Format Version 12.00
# Visual Studio Version 17
VisualStudioVersion = 17.4.33110.190
MinimumVisualStudioVersion = 10.0.40219.1
Project("{2150E333-8FDC-42A3-9474-1A3956D46DE8}") = "Services", "Services", "{3A600F7B-B33C-49CD-88E5-E22C036AED9C}"
EndProject
Project("{2150E333-8FDC-42A3-9474-1A3956D46DE8}") = "Catalog", "Catalog", "{AE9F9094-EB03-4EEE-AC4A-0758F2AC89AE}"
EndProject
Project("{9A19103F-16F7-4668-BE54-9A1E7A4F7556}") = "AkademiECommerce.Services.Catalog", "Services\Catalog\AkademiECommerce.Services.Catalog\AkademiECommerce.Services.Catalog.csproj", "{FFD15F65-E32B-45B1-BFA0-0D38AC9F8CF4}"
EndProject
Project("{2150E333-8FDC-42A3-9474-1A3956D46DE8}") = "Solution Items", "Solution Items", "{37550B6C-F86B-4C1E-A2E1-FEA271344243}"
	ProjectSection(SolutionItems) = preProject
		Ports.txt = Ports.txt
		Project.txt = Project.txt
	EndProjectSection
EndProject
Project("{2150E333-8FDC-42A3-9474-1A3956D46DE8}") = "Shared", "Shared", "{6018AEC3-2FB3-4B62-9356-A6410C227F73}"
EndProject
Project("{9A19103F-16F7-4668-BE54-9A1E7A4F7556}") = "AkademiECommerce.Shared", "Shared\AkademiECommerce.Shared\AkademiECommerce.Shared.csproj", "{8925CDDE-74D1-4395-BF58-300B2A30E380}"
EndProject
Project("{2150E333-8FDC-42A3-9474-1A3956D46DE8}") = "IdentityServer", "IdentityServer", "{DD11D4FD-D1D6-422C-BCE6-B3AF59F569C8}"
EndProject
Project("{9A19103F-16F7-4668-BE54-9A1E7A4F7556}") = "Ecommerce.IdentityServer", "IdentityServer\Ecommerce.IdentityServer\Ecommerce.IdentityServer.csproj", "{465F1A47-1323-4001-8622-76C67DDEAED6}"
EndProject
Project("{2150E333-8FDC-42A3-9474-1A3956D46DE8}") = "Basket", "Basket", "{C47D0EDF-AF07-44DD-A349-DF8FA5F61D2F}"
EndProject
Project("{9A19103F-16F7-4668-BE54-9A1E7A4F7556}") = "AkademiECommerce.Services.Basket", "Services\Basket\AkademiECommerce.Services.Basket\AkademiECommerce.Services.Basket.csproj", "{8B2EFBAB-5921-4E87-9AFE-3A45478C742E}"
EndProject
Project("{2150E333-8FDC-42A3-9474-1A3956D46DE8}") = "PhotoStock", "PhotoStock", "{6BB6EAA2-06A8-4F4D-B2B5-D5EB3210FF56}"
EndProject
Project("{FAE04EC0-301F-11D3-BF4B-00C04F79EFBC}") = "AkademiECommerce.Services.PhotoStock", "Services\PhotoStock\AkademiECommerce.Services.PhotoStock\AkademiECommerce.Services.PhotoStock.csproj", "{1F00E1CD-FB78-457A-819C-3999840FFE4D}"
EndProject
Global
	GlobalSection(SolutionConfigurationPlatforms) = preSolution
		Debug|Any CPU = Debug|Any CPU
		Release|Any CPU = Release|Any CPU
	EndGlobalSection
	GlobalSection(ProjectConfigurationPlatforms) = postSolution
		{FFD15F65-E32B-45B1-BFA0-0D38AC9F8CF4}.Debug|Any CPU.ActiveCfg = Debug|Any CPU
		{FFD15F65-E32B-45B1-BFA0-0D38AC9F8CF4}.Debug|Any CPU.Build.0 = Debug|Any CPU
		{FFD15F65-E32B-45B1-BFA0-0D38AC9F8CF4}.Release|Any CPU.ActiveCfg = Release|Any CPU
		{FFD15F65-E32B-45B1-BFA0-0D38AC9F8CF4}.Release|Any CPU.Build.0 = Release|Any CPU
		{8925CDDE-74D1-4395-BF58-300B2A30E380}.Debug|Any CPU.ActiveCfg = Debug|Any CPU
		{8925CDDE-74D1-4395-BF58-300B2A30E380}.Debug|Any CPU.Build.0 = Debug|Any CPU
		{8925CDDE-74D1-4395-BF58-300B2A30E380}.Release|Any CPU.ActiveCfg = Release|Any CPU
		{8925CDDE-74D1-4395-BF58-300B2A30E380}.Release|Any CPU.Build.0 = Release|Any CPU
		{465F1A47-1323-4001-8622-76C67DDEAED6}.Debug|Any CPU.ActiveCfg = Debug|Any CPU
		{465F1A47-1323-4001-8622-76C67DDEAED6}.Debug|Any CPU.Build.0 = Debug|Any CPU
		{465F1A47-1323-4001-8622-76C67DDEAED6}.Release|Any CPU.ActiveCfg = Release|Any CPU
		{465F1A47-1323-4001-8622-76C67DDEAED6}.Release|Any CPU.Build.0 = Release|Any CPU
		{8B2EFBAB-5921-4E87-9AFE-3A45478C742E}.Debug|Any CPU.ActiveCfg = Debug|Any CPU
		{8B2EFBAB-5921-4E87-9AFE-3A45478C742E}.Debug|Any CPU.Build.0 = Debug|Any CPU
		{8B2EFBAB-5921-4E87-9AFE-3A45478C742E}.Release|Any CPU.ActiveCfg = Release|Any CPU
		{8B2EFBAB-5921-4E87-9AFE-3A45478C742E}.Release|Any CPU.Build.0 = Release|Any CPU
		{1F00E1CD-FB78-457A-819C-3999840FFE4D}.Debug|Any CPU.ActiveCfg = Debug|Any CPU
		{1F00E1CD-FB78-457A-819C-3999840FFE4D}.Debug|Any CPU.Build.0 = Debug|Any CPU
		{1F00E1CD-FB78-457A-819C-3999840FFE4D}.Release|Any CPU.ActiveCfg = Release|Any CPU
		{1F00E1CD-FB78-457A-819C-3999840FFE4D}.Release|Any CPU.Build.0 = Release|Any CPU
	EndGlobalSection
	GlobalSection(SolutionProperties) = preSolution
		HideSolutionNode = FALSE
	EndGlobalSection
	GlobalSection(NestedProjects) = preSolution
		{AE9F9094-EB03-4EEE-AC4A-0758F2AC89AE} = {3A600F7B-B33C-49CD-88E5-E22C036AED9C}
		{FFD15F65-E32B-45B1-BFA0-0D38AC9F8CF4} = {AE9F9094-EB03-4EEE-AC4A-0758F2AC89AE}
		{8925CDDE-74D1-4395-BF58-300B2A30E380} = {6018AEC3-2FB3-4B62-9356-A6410C227F73}
		{465F1A47-1323-4001-8622-76C67DDEAED6} = {DD11D4FD-D1D6-422C-BCE6-B3AF59F569C8}
		{C47D0EDF-AF07-44DD-A349-DF8FA5F61D2F} = {3A600F7B-B33C-49CD-88E5-E22C036AED9C}
		{8B2EFBAB-5921-4E87-9AFE-3A45478C742E} = {C47D0EDF-AF07-44DD-A349-DF8FA5F61D2F}
		{6BB6EAA2-06A8-4F4D-B2B5-D5EB3210FF56} = {3A600F7B-B33C-49CD-88E5-E22C036AED9C}
		{1F00E1CD-FB78-457A-819C-3999840FFE4D} = {6BB6EAA2-06A8-4F4D-B2B5-D5EB3210FF56}
	EndGlobalSection
	GlobalSection(ExtensibilityGlobals) = postSolution
		SolutionGuid = {6255335D-9DC4-42E0-A1DF-DEE2C4B5F87D}
	EndGlobalSection
EndGlobal
